// !$*UTF8*$!
{
    archiveVersion = 1;
    classes = {
    };
    objectVersion = 48;
    objects = {

/* Begin PBXBuildFile section */
        4B4138F51F9A2951000EA7FA /* AppDelegate.swift in Sources */ = {isa = PBXBuildFile; fileRef = 4B4138F41F9A2951000EA7FA /* AppDelegate.swift */; };
        4B4138F71F9A2951000EA7FA /* ViewController.swift in Sources */ = {isa = PBXBuildFile; fileRef = 4B4138F61F9A2951000EA7FA /* ViewController.swift */; };
        4B4138FA1F9A2951000EA7FA /* Main.storyboard in Resources */ = {isa = PBXBuildFile; fileRef = 4B4138F81F9A2951000EA7FA /* Main.storyboard */; };
        4B4138FC1F9A2951000EA7FA /* Assets.xcassets in Resources */ = {isa = PBXBuildFile; fileRef = 4B4138FB1F9A2951000EA7FA /* Assets.xcassets */; };
        4B4138FF1F9A2951000EA7FA /* LaunchScreen.storyboard in Resources */ = {isa = PBXBuildFile; fileRef = 4B4138FD1F9A2951000EA7FA /* LaunchScreen.storyboard */; };
        4B4139091F9A30EA000EA7FA /* arbreDeGit.png in Resources */ = {isa = PBXBuildFile; fileRef = 4B4139081F9A30E6000EA7FA /* arbreDeGit.png */; };
/* End PBXBuildFile section */

/* Begin PBXFileReference section */
        4B4138F11F9A2951000EA7FA /* git-premier-pas-gr-vendredi.app */ = {isa = PBXFileReference; explicitFileType = wrapper.application; includeInIndex = 0; path = "git-premier-pas-gr-vendredi.app"; sourceTree = BUILT_PRODUCTS_DIR; };
        4B4138F41F9A2951000EA7FA /* AppDelegate.swift */ = {isa = PBXFileReference; lastKnownFileType = sourcecode.swift; path = AppDelegate.swift; sourceTree = "<group>"; };
        4B4138F61F9A2951000EA7FA /* ViewController.swift */ = {isa = PBXFileReference; lastKnownFileType = sourcecode.swift; path = ViewController.swift; sourceTree = "<group>"; };
        4B4138F91F9A2951000EA7FA /* Base */ = {isa = PBXFileReference; lastKnownFileType = file.storyboard; name = Base; path = Base.lproj/Main.storyboard; sourceTree = "<group>"; };
        4B4138FB1F9A2951000EA7FA /* Assets.xcassets */ = {isa = PBXFileReference; lastKnownFileType = folder.assetcatalog; path = Assets.xcassets; sourceTree = "<group>"; };
        4B4138FE1F9A2951000EA7FA /* Base */ = {isa = PBXFileReference; lastKnownFileType = file.storyboard; name = Base; path = Base.lproj/LaunchScreen.storyboard; sourceTree = "<group>"; };
        4B4139001F9A2951000EA7FA /* Info.plist */ = {isa = PBXFileReference; lastKnownFileType = text.plist.xml; path = Info.plist; sourceTree = "<group>"; };
        4B4139081F9A30E6000EA7FA /* arbreDeGit.png */ = {isa = PBXFileReference; lastKnownFileType = image.png; path = arbreDeGit.png; sourceTree = "<group>"; };
/* End PBXFileReference section */

/* Begin PBXFrameworksBuildPhase section */
        4B4138EE1F9A2951000EA7FA /* Frameworks */ = {
            isa = PBXFrameworksBuildPhase;
            buildActionMask = 2147483647;
            files = (
            );
            runOnlyForDeploymentPostprocessing = 0;
        };
/* End PBXFrameworksBuildPhase section */

/* Begin PBXGroup section */
        4B4138E81F9A2951000EA7FA = {
            isa = PBXGroup;
            children = (
                4B4138F31F9A2951000EA7FA /* git-premier-pas-gr-vendredi */,
                4B4138F21F9A2951000EA7FA /* Products */,
            );
            sourceTree = "<group>";
        };
        4B4138F21F9A2951000EA7FA /* Products */ = {
            isa = PBXGroup;
            children = (
                4B4138F11F9A2951000EA7FA /* git-premier-pas-gr-vendredi.app */,
            );
            name = Products;
            sourceTree = "<group>";
        };
        4B4138F31F9A2951000EA7FA /* git-premier-pas-gr-vendredi */ = {
            isa = PBXGroup;
            children = (
                4B4139061F9A308A000EA7FA /* Ressources */,
                4B4138F41F9A2951000EA7FA /* AppDelegate.swift */,
                4B4138F61F9A2951000EA7FA /* ViewController.swift */,
                4B4138F81F9A2951000EA7FA /* Main.storyboard */,
                4B4138FB1F9A2951000EA7FA /* Assets.xcassets */,
                4B4138FD1F9A2951000EA7FA /* LaunchScreen.storyboard */,
                4B4139001F9A2951000EA7FA /* Info.plist */,
            );
            path = "git-premier-pas-gr-vendredi";
            sourceTree = "<group>";
        };
        4B4139061F9A308A000EA7FA /* Ressources */ = {
            isa = PBXGroup;
            children = (
                4B4139081F9A30E6000EA7FA /* arbreDeGit.png */,
            );
            path = Ressources;
            sourceTree = "<group>";
        };
/* End PBXGroup section */

/* Begin PBXNativeTarget section */
        4B4138F01F9A2951000EA7FA /* git-premier-pas-gr-vendredi */ = {
            isa = PBXNativeTarget;
            buildConfigurationList = 4B4139031F9A2951000EA7FA /* Build configuration list for PBXNativeTarget "git-premier-pas-gr-vendredi" */;
            buildPhases = (
                4B4138ED1F9A2951000EA7FA /* Sources */,
                4B4138EE1F9A2951000EA7FA /* Frameworks */,
                4B4138EF1F9A2951000EA7FA /* Resources */,
            );
            buildRules = (
            );
            dependencies = (
            );
            name = "git-premier-pas-gr-vendredi";
            productName = "git-premier-pas-gr-vendredi";
            productReference = 4B4138F11F9A2951000EA7FA /* git-premier-pas-gr-vendredi.app */;
            productType = "com.apple.product-type.application";
        };
/* End PBXNativeTarget section */

/* Begin PBXProject section */
        4B4138E91F9A2951000EA7FA /* Project object */ = {
            isa = PBXProject;
            attributes = {
                LastSwiftUpdateCheck = 0900;
                LastUpgradeCheck = 0900;
                ORGANIZATIONNAME = git;
                TargetAttributes = {
                    4B4138F01F9A2951000EA7FA = {
                        CreatedOnToolsVersion = 9.0;
                        ProvisioningStyle = Automatic;
                    };
                };
            };
            buildConfigurationList = 4B4138EC1F9A2951000EA7FA /* Build configuration list for PBXProject "git-premier-pas-gr-vendredi" */;
            compatibilityVersion = "Xcode 8.0";
            developmentRegion = en;
            hasScannedForEncodings = 0;
            knownRegions = (
                en,
                Base,
            );
            mainGroup = 4B4138E81F9A2951000EA7FA;
            productRefGroup = 4B4138F21F9A2951000EA7FA /* Products */;
            projectDirPath = "";
            projectRoot = "";
            targets = (
                4B4138F01F9A2951000EA7FA /* git-premier-pas-gr-vendredi */,
            );
        };
/* End PBXProject section */

/* Begin PBXResourcesBuildPhase section */
        4B4138EF1F9A2951000EA7FA /* Resources */ = {
            isa = PBXResourcesBuildPhase;
            buildActionMask = 2147483647;
            files = (
                4B4138FF1F9A2951000EA7FA /* LaunchScreen.storyboard in Resources */,
                4B4138FC1F9A2951000EA7FA /* Assets.xcassets in Resources */,
                4B4139091F9A30EA000EA7FA /* arbreDeGit.png in Resources */,
                4B4138FA1F9A2951000EA7FA /* Main.storyboard in Resources */,
            );
            runOnlyForDeploymentPostprocessing = 0;
        };
/* End PBXResourcesBuildPhase section */

/* Begin PBXSourcesBuildPhase section */
        4B4138ED1F9A2951000EA7FA /* Sources */ = {
            isa = PBXSourcesBuildPhase;
            buildActionMask = 2147483647;
            files = (
                4B4138F71F9A2951000EA7FA /* ViewController.swift in Sources */,
                4B4138F51F9A2951000EA7FA /* AppDelegate.swift in Sources */,
            );
            runOnlyForDeploymentPostprocessing = 0;
        };
/* End PBXSourcesBuildPhase section */

/* Begin PBXVariantGroup section */
        4B4138F81F9A2951000EA7FA /* Main.storyboard */ = {
            isa = PBXVariantGroup;
            children = (
                4B4138F91F9A2951000EA7FA /* Base */,
            );
            name = Main.storyboard;
            sourceTree = "<group>";
        };
        4B4138FD1F9A2951000EA7FA /* LaunchScreen.storyboard */ = {
            isa = PBXVariantGroup;
            children = (
                4B4138FE1F9A2951000EA7FA /* Base */,
            );
            name = LaunchScreen.storyboard;
            sourceTree = "<group>";
        };
/* End PBXVariantGroup section */

/* Begin XCBuildConfiguration section */
        4B4139011F9A2951000EA7FA /* Debug */ = {
            isa = XCBuildConfiguration;
            buildSettings = {
                ALWAYS_SEARCH_USER_PATHS = NO;
                CLANG_ANALYZER_NONNULL = YES;
                CLANG_ANALYZER_NUMBER_OBJECT_CONVERSION = YES_AGGRESSIVE;
                CLANG_CXX_LANGUAGE_STANDARD = "gnu++14";
                CLANG_CXX_LIBRARY = "libc++";
                CLANG_ENABLE_MODULES = YES;
                CLANG_ENABLE_OBJC_ARC = YES;
                CLANG_WARN_BLOCK_CAPTURE_AUTORELEASING = YES;
                CLANG_WARN_BOOL_CONVERSION = YES;
                CLANG_WARN_COMMA = YES;
                CLANG_WARN_CONSTANT_CONVERSION = YES;
                CLANG_WARN_DIRECT_OBJC_ISA_USAGE = YES_ERROR;
                CLANG_WARN_DOCUMENTATION_COMMENTS = YES;
                CLANG_WARN_EMPTY_BODY = YES;
                CLANG_WARN_ENUM_CONVERSION = YES;
                CLANG_WARN_INFINITE_RECURSION = YES;
                CLANG_WARN_INT_CONVERSION = YES;
                CLANG_WARN_NON_LITERAL_NULL_CONVERSION = YES;
                CLANG_WARN_OBJC_LITERAL_CONVERSION = YES;
                CLANG_WARN_OBJC_ROOT_CLASS = YES_ERROR;
                CLANG_WARN_RANGE_LOOP_ANALYSIS = YES;
                CLANG_WARN_STRICT_PROTOTYPES = YES;
                CLANG_WARN_SUSPICIOUS_MOVE = YES;
                CLANG_WARN_UNGUARDED_AVAILABILITY = YES_AGGRESSIVE;
                CLANG_WARN_UNREACHABLE_CODE = YES;
                CLANG_WARN__DUPLICATE_METHOD_MATCH = YES;
                CODE_SIGN_IDENTITY = "iPhone Developer";
                COPY_PHASE_STRIP = NO;
                DEBUG_INFORMATION_FORMAT = dwarf;
                ENABLE_STRICT_OBJC_MSGSEND = YES;
                ENABLE_TESTABILITY = YES;
                GCC_C_LANGUAGE_STANDARD = gnu11;
                GCC_DYNAMIC_NO_PIC = NO;
                GCC_NO_COMMON_BLOCKS = YES;
                GCC_OPTIMIZATION_LEVEL = 0;
                GCC_PREPROCESSOR_DEFINITIONS = (
                    "DEBUG=1",
                    "$(inherited)",
                );
                GCC_WARN_64_TO_32_BIT_CONVERSION = YES;
                GCC_WARN_ABOUT_RETURN_TYPE = YES_ERROR;
                GCC_WARN_UNDECLARED_SELECTOR = YES;
                GCC_WARN_UNINITIALIZED_AUTOS = YES_AGGRESSIVE;
                GCC_WARN_UNUSED_FUNCTION = YES;
                GCC_WARN_UNUSED_VARIABLE = YES;
                IPHONEOS_DEPLOYMENT_TARGET = 11.0;
                MTL_ENABLE_DEBUG_INFO = YES;
                ONLY_ACTIVE_ARCH = YES;
                SDKROOT = iphoneos;
                SWIFT_ACTIVE_COMPILATION_CONDITIONS = DEBUG;
                SWIFT_OPTIMIZATION_LEVEL = "-Onone";
            };
            name = Debug;
        };
        4B4139021F9A2951000EA7FA /* Release */ = {
            isa = XCBuildConfiguration;
            buildSettings = {
                ALWAYS_SEARCH_USER_PATHS = NO;
                CLANG_ANALYZER_NONNULL = YES;
                CLANG_ANALYZER_NUMBER_OBJECT_CONVERSION = YES_AGGRESSIVE;
                CLANG_CXX_LANGUAGE_STANDARD = "gnu++14";
                CLANG_CXX_LIBRARY = "libc++";
                CLANG_ENABLE_MODULES = YES;
                CLANG_ENABLE_OBJC_ARC = YES;
                CLANG_WARN_BLOCK_CAPTURE_AUTORELEASING = YES;
                CLANG_WARN_BOOL_CONVERSION = YES;
                CLANG_WARN_COMMA = YES;
                CLANG_WARN_CONSTANT_CONVERSION = YES;
                CLANG_WARN_DIRECT_OBJC_ISA_USAGE = YES_ERROR;
                CLANG_WARN_DOCUMENTATION_COMMENTS = YES;
                CLANG_WARN_EMPTY_BODY = YES;
                CLANG_WARN_ENUM_CONVERSION = YES;
                CLANG_WARN_INFINITE_RECURSION = YES;
                CLANG_WARN_INT_CONVERSION = YES;
                CLANG_WARN_NON_LITERAL_NULL_CONVERSION = YES;
                CLANG_WARN_OBJC_LITERAL_CONVERSION = YES;
                CLANG_WARN_OBJC_ROOT_CLASS = YES_ERROR;
                CLANG_WARN_RANGE_LOOP_ANALYSIS = YES;
                CLANG_WARN_STRICT_PROTOTYPES = YES;
                CLANG_WARN_SUSPICIOUS_MOVE = YES;
                CLANG_WARN_UNGUARDED_AVAILABILITY = YES_AGGRESSIVE;
                CLANG_WARN_UNREACHABLE_CODE = YES;
                CLANG_WARN__DUPLICATE_METHOD_MATCH = YES;
                CODE_SIGN_IDENTITY = "iPhone Developer";
                COPY_PHASE_STRIP = NO;
                DEBUG_INFORMATION_FORMAT = "dwarf-with-dsym";
                ENABLE_NS_ASSERTIONS = NO;
                ENABLE_STRICT_OBJC_MSGSEND = YES;
                GCC_C_LANGUAGE_STANDARD = gnu11;
                GCC_NO_COMMON_BLOCKS = YES;
                GCC_WARN_64_TO_32_BIT_CONVERSION = YES;
                GCC_WARN_ABOUT_RETURN_TYPE = YES_ERROR;
                GCC_WARN_UNDECLARED_SELECTOR = YES;
                GCC_WARN_UNINITIALIZED_AUTOS = YES_AGGRESSIVE;
                GCC_WARN_UNUSED_FUNCTION = YES;
                GCC_WARN_UNUSED_VARIABLE = YES;
                IPHONEOS_DEPLOYMENT_TARGET = 11.0;
                MTL_ENABLE_DEBUG_INFO = NO;
                SDKROOT = iphoneos;
                SWIFT_OPTIMIZATION_LEVEL = "-Owholemodule";
                VALIDATE_PRODUCT = YES;
            };
            name = Release;
        };
        4B4139041F9A2951000EA7FA /* Debug */ = {
            isa = XCBuildConfiguration;
            buildSettings = {
                ASSETCATALOG_COMPILER_APPICON_NAME = AppIcon;
                CODE_SIGN_STYLE = Automatic;
                INFOPLIST_FILE = "git-premier-pas-gr-vendredi/Info.plist";
                LD_RUNPATH_SEARCH_PATHS = "$(inherited) @executable_path/Frameworks";
                PRODUCT_BUNDLE_IDENTIFIER = "ca.qc.cstj.tim.git-premier-pas-gr-vendredi";
                PRODUCT_NAME = "$(TARGET_NAME)";
                SWIFT_VERSION = 4.0;
                TARGETED_DEVICE_FAMILY = "1,2";
            };
            name = Debug;
        };
        4B4139051F9A2951000EA7FA /* Release */ = {
            isa = XCBuildConfiguration;
            buildSettings = {
                ASSETCATALOG_COMPILER_APPICON_NAME = AppIcon;
                CODE_SIGN_STYLE = Automatic;
                INFOPLIST_FILE = "git-premier-pas-gr-vendredi/Info.plist";
                LD_RUNPATH_SEARCH_PATHS = "$(inherited) @executable_path/Frameworks";
                PRODUCT_BUNDLE_IDENTIFIER = "ca.qc.cstj.tim.git-premier-pas-gr-vendredi";
                PRODUCT_NAME = "$(TARGET_NAME)";
                SWIFT_VERSION = 4.0;
                TARGETED_DEVICE_FAMILY = "1,2";
            };
            name = Release;
        };
/* End XCBuildConfiguration section */

/* Begin XCConfigurationList section */
        4B4138EC1F9A2951000EA7FA /* Build configuration list for PBXProject "git-premier-pas-gr-vendredi" */ = {
            isa = XCConfigurationList;
            buildConfigurations = (
                4B4139011F9A2951000EA7FA /* Debug */,
                4B4139021F9A2951000EA7FA /* Release */,
            );
            defaultConfigurationIsVisible = 0;
            defaultConfigurationName = Release;
        };
        4B4139031F9A2951000EA7FA /* Build configuration list for PBXNativeTarget "git-premier-pas-gr-vendredi" */ = {
            isa = XCConfigurationList;
            buildConfigurations = (
                4B4139041F9A2951000EA7FA /* Debug */,
                4B4139051F9A2951000EA7FA /* Release */,
            );
            defaultConfigurationIsVisible = 0;
            defaultConfigurationName = Release;
        };
/* End XCConfigurationList section */
    };
    rootObject = 4B4138E91F9A2951000EA7FA /* Project object */;
}
